
Microsoft Visual Studio Solution File, Format Version 12.00
# Visual Studio Version 17
VisualStudioVersion = 17.6.33829.357
MinimumVisualStudioVersion = 10.0.40219.1
Project("{9A19103F-16F7-4668-BE54-9A1E7A4F7556}") = "Crossbuild", "Crossbuild\Crossbuild.csproj", "{FB7EB311-75F3-40AD-9858-30D45143B6B1}"
EndProject
Global
	GlobalSection(SolutionConfigurationPlatforms) = preSolution
		Debug|Any CPU = Debug|Any CPU
		Release|Any CPU = Release|Any CPU
	EndGlobalSection
	GlobalSection(ProjectConfigurationPlatforms) = postSolution
		{FB7EB311-75F3-40AD-9858-30D45143B6B1}.Debug|Any CPU.ActiveCfg = Debug|Any CPU
		{FB7EB311-75F3-40AD-9858-30D45143B6B1}.Debug|Any CPU.Build.0 = Debug|Any CPU
		{FB7EB311-75F3-40AD-9858-30D45143B6B1}.Release|Any CPU.ActiveCfg = Release|Any CPU
		{FB7EB311-75F3-40AD-9858-30D45143B6B1}.Release|Any CPU.Build.0 = Release|Any CPU
	EndGlobalSection
	GlobalSection(SolutionProperties) = preSolution
		HideSolutionNode = FALSE
	EndGlobalSection
	GlobalSection(ExtensibilityGlobals) = postSolution
		SolutionGuid = {453593F1-DB6C-4226-ACD5-B4F965DF1EC7}
	EndGlobalSection
EndGlobal
